
Microsoft Visual Studio Solution File, Format Version 12.00
# Visual Studio 15
VisualStudioVersion = 15.0.28307.329
MinimumVisualStudioVersion = 10.0.40219.1
Project("{FAE04EC0-301F-11D3-BF4B-00C04F79EFBC}") = "LeanAndMean", "LeanAndMean\LeanAndMean.csproj", "{F1950B3B-0164-48A6-B77C-5F251851DB44}"
EndProject
Global
	GlobalSection(SolutionConfigurationPlatforms) = preSolution
		Debug|Any CPU = Debug|Any CPU
		Release|Any CPU = Release|Any CPU
	EndGlobalSection
	GlobalSection(ProjectConfigurationPlatforms) = postSolution
		{F1950B3B-0164-48A6-B77C-5F251851DB44}.Debug|Any CPU.ActiveCfg = Debug|Any CPU
		{F1950B3B-0164-48A6-B77C-5F251851DB44}.Debug|Any CPU.Build.0 = Debug|Any CPU
		{F1950B3B-0164-48A6-B77C-5F251851DB44}.Release|Any CPU.ActiveCfg = Release|Any CPU
		{F1950B3B-0164-48A6-B77C-5F251851DB44}.Release|Any CPU.Build.0 = Release|Any CPU
	EndGlobalSection
	GlobalSection(SolutionProperties) = preSolution
		HideSolutionNode = FALSE
	EndGlobalSection
	GlobalSection(ExtensibilityGlobals) = postSolution
		SolutionGuid = {E5667206-D162-45D0-9840-9F6750E63F67}
	EndGlobalSection
EndGlobal
